
Microsoft Visual Studio Solution File, Format Version 12.00
# Visual Studio 14
VisualStudioVersion = 14.0.25123.0
MinimumVisualStudioVersion = 10.0.40219.1
Project("{FAE04EC0-301F-11D3-BF4B-00C04F79EFBC}") = "numbersFrom1toN", "numbersFrom1toN\numbersFrom1toN.csproj", "{BF6C5505-763E-4674-8E77-FA5E64E4051C}"
EndProject
Project("{FAE04EC0-301F-11D3-BF4B-00C04F79EFBC}") = "Nto1", "Nto1\Nto1.csproj", "{74886072-E39E-44C4-AA24-9F0D4667A2F2}"
EndProject
Project("{FAE04EC0-301F-11D3-BF4B-00C04F79EFBC}") = "2squareN", "2squareN\2squareN.csproj", "{805E993A-4A05-4B01-87A6-89D24CD9E7AC}"
EndProject
Project("{FAE04EC0-301F-11D3-BF4B-00C04F79EFBC}") = "evenGradOf2", "evenGradOf2\evenGradOf2.csproj", "{75F0C83E-75FB-4341-BE0F-D9F93B1E03B2}"
EndProject
Project("{FAE04EC0-301F-11D3-BF4B-00C04F79EFBC}") = "2kPlus1", "2kPlus1\2kPlus1.csproj", "{D1609578-C3A6-4462-A644-4A7610813276}"
EndProject
Project("{FAE04EC0-301F-11D3-BF4B-00C04F79EFBC}") = "numInD1to100", "numInD1to100\numInD1to100.csproj", "{084ADF35-A05D-4F60-8F09-12F48F17BEAB}"
EndProject
Project("{FAE04EC0-301F-11D3-BF4B-00C04F79EFBC}") = "NOD", "NOD\NOD.csproj", "{3AA3C3EE-BD53-4D55-ADA5-7D8565226AF0}"
EndProject
Project("{FAE04EC0-301F-11D3-BF4B-00C04F79EFBC}") = "sumDigitsOfN", "sumDigitsOfN\sumDigitsOfN.csproj", "{E49AEBBE-4B97-4335-9EF2-32C35FF74D5A}"
EndProject
Project("{FAE04EC0-301F-11D3-BF4B-00C04F79EFBC}") = "enterEvenNumer", "enterEvenNumer\enterEvenNumer.csproj", "{81BB31D4-AF0A-4EED-BD6D-ADCE6A175607}"
EndProject
Project("{FAE04EC0-301F-11D3-BF4B-00C04F79EFBC}") = "fibonacci", "fibonacci\fibonacci.csproj", "{D72A2962-B366-475D-A138-5509D1339177}"
EndProject
Project("{FAE04EC0-301F-11D3-BF4B-00C04F79EFBC}") = "pyramidOfNums", "pyramidOfNums\pyramidOfNums.csproj", "{758A9580-20F2-46EC-ACB5-0E54DEC6DCE4}"
EndProject
Global
	GlobalSection(SolutionConfigurationPlatforms) = preSolution
		Debug|Any CPU = Debug|Any CPU
		Release|Any CPU = Release|Any CPU
	EndGlobalSection
	GlobalSection(ProjectConfigurationPlatforms) = postSolution
		{BF6C5505-763E-4674-8E77-FA5E64E4051C}.Debug|Any CPU.ActiveCfg = Debug|Any CPU
		{BF6C5505-763E-4674-8E77-FA5E64E4051C}.Debug|Any CPU.Build.0 = Debug|Any CPU
		{BF6C5505-763E-4674-8E77-FA5E64E4051C}.Release|Any CPU.ActiveCfg = Release|Any CPU
		{BF6C5505-763E-4674-8E77-FA5E64E4051C}.Release|Any CPU.Build.0 = Release|Any CPU
		{74886072-E39E-44C4-AA24-9F0D4667A2F2}.Debug|Any CPU.ActiveCfg = Debug|Any CPU
		{74886072-E39E-44C4-AA24-9F0D4667A2F2}.Debug|Any CPU.Build.0 = Debug|Any CPU
		{74886072-E39E-44C4-AA24-9F0D4667A2F2}.Release|Any CPU.ActiveCfg = Release|Any CPU
		{74886072-E39E-44C4-AA24-9F0D4667A2F2}.Release|Any CPU.Build.0 = Release|Any CPU
		{805E993A-4A05-4B01-87A6-89D24CD9E7AC}.Debug|Any CPU.ActiveCfg = Debug|Any CPU
		{805E993A-4A05-4B01-87A6-89D24CD9E7AC}.Debug|Any CPU.Build.0 = Debug|Any CPU
		{805E993A-4A05-4B01-87A6-89D24CD9E7AC}.Release|Any CPU.ActiveCfg = Release|Any CPU
		{805E993A-4A05-4B01-87A6-89D24CD9E7AC}.Release|Any CPU.Build.0 = Release|Any CPU
		{75F0C83E-75FB-4341-BE0F-D9F93B1E03B2}.Debug|Any CPU.ActiveCfg = Debug|Any CPU
		{75F0C83E-75FB-4341-BE0F-D9F93B1E03B2}.Debug|Any CPU.Build.0 = Debug|Any CPU
		{75F0C83E-75FB-4341-BE0F-D9F93B1E03B2}.Release|Any CPU.ActiveCfg = Release|Any CPU
		{75F0C83E-75FB-4341-BE0F-D9F93B1E03B2}.Release|Any CPU.Build.0 = Release|Any CPU
		{D1609578-C3A6-4462-A644-4A7610813276}.Debug|Any CPU.ActiveCfg = Debug|Any CPU
		{D1609578-C3A6-4462-A644-4A7610813276}.Debug|Any CPU.Build.0 = Debug|Any CPU
		{D1609578-C3A6-4462-A644-4A7610813276}.Release|Any CPU.ActiveCfg = Release|Any CPU
		{D1609578-C3A6-4462-A644-4A7610813276}.Release|Any CPU.Build.0 = Release|Any CPU
		{084ADF35-A05D-4F60-8F09-12F48F17BEAB}.Debug|Any CPU.ActiveCfg = Debug|Any CPU
		{084ADF35-A05D-4F60-8F09-12F48F17BEAB}.Debug|Any CPU.Build.0 = Debug|Any CPU
		{084ADF35-A05D-4F60-8F09-12F48F17BEAB}.Release|Any CPU.ActiveCfg = Release|Any CPU
		{084ADF35-A05D-4F60-8F09-12F48F17BEAB}.Release|Any CPU.Build.0 = Release|Any CPU
		{3AA3C3EE-BD53-4D55-ADA5-7D8565226AF0}.Debug|Any CPU.ActiveCfg = Debug|Any CPU
		{3AA3C3EE-BD53-4D55-ADA5-7D8565226AF0}.Debug|Any CPU.Build.0 = Debug|Any CPU
		{3AA3C3EE-BD53-4D55-ADA5-7D8565226AF0}.Release|Any CPU.ActiveCfg = Release|Any CPU
		{3AA3C3EE-BD53-4D55-ADA5-7D8565226AF0}.Release|Any CPU.Build.0 = Release|Any CPU
		{E49AEBBE-4B97-4335-9EF2-32C35FF74D5A}.Debug|Any CPU.ActiveCfg = Debug|Any CPU
		{E49AEBBE-4B97-4335-9EF2-32C35FF74D5A}.Debug|Any CPU.Build.0 = Debug|Any CPU
		{E49AEBBE-4B97-4335-9EF2-32C35FF74D5A}.Release|Any CPU.ActiveCfg = Release|Any CPU
		{E49AEBBE-4B97-4335-9EF2-32C35FF74D5A}.Release|Any CPU.Build.0 = Release|Any CPU
		{81BB31D4-AF0A-4EED-BD6D-ADCE6A175607}.Debug|Any CPU.ActiveCfg = Debug|Any CPU
		{81BB31D4-AF0A-4EED-BD6D-ADCE6A175607}.Debug|Any CPU.Build.0 = Debug|Any CPU
		{81BB31D4-AF0A-4EED-BD6D-ADCE6A175607}.Release|Any CPU.ActiveCfg = Release|Any CPU
		{81BB31D4-AF0A-4EED-BD6D-ADCE6A175607}.Release|Any CPU.Build.0 = Release|Any CPU
		{D72A2962-B366-475D-A138-5509D1339177}.Debug|Any CPU.ActiveCfg = Debug|Any CPU
		{D72A2962-B366-475D-A138-5509D1339177}.Debug|Any CPU.Build.0 = Debug|Any CPU
		{D72A2962-B366-475D-A138-5509D1339177}.Release|Any CPU.ActiveCfg = Release|Any CPU
		{D72A2962-B366-475D-A138-5509D1339177}.Release|Any CPU.Build.0 = Release|Any CPU
		{758A9580-20F2-46EC-ACB5-0E54DEC6DCE4}.Debug|Any CPU.ActiveCfg = Debug|Any CPU
		{758A9580-20F2-46EC-ACB5-0E54DEC6DCE4}.Debug|Any CPU.Build.0 = Debug|Any CPU
		{758A9580-20F2-46EC-ACB5-0E54DEC6DCE4}.Release|Any CPU.ActiveCfg = Release|Any CPU
		{758A9580-20F2-46EC-ACB5-0E54DEC6DCE4}.Release|Any CPU.Build.0 = Release|Any CPU
	EndGlobalSection
	GlobalSection(SolutionProperties) = preSolution
		HideSolutionNode = FALSE
	EndGlobalSection
EndGlobal
